{
  "name": "@morlock/core",
  "version": "0.1.0",
  "lockfileVersion": 3,
  "requires": true,
  "packages": {
    "": {
      "name": "@morlock/core",
      "version": "0.1.0",
      "license": "MIT",
      "dependencies": {
        "@morlock/core": "^0.1.0"
      }
    },
    "node_modules/@morlock/core": {
      "version": "0.1.0",
      "resolved": "https://registry.npmjs.org/@morlock/core/-/core-0.1.0.tgz",
      "integrity": "sha512-AJz7j3VAVwVv8AD8OyStjx8/8PLdEdgQiThrZiKMkeIrqtCDYaOkWwCJ4+ta6cKAElVTYyvNFzQaQc21XMQ/uw==",
      "license": "MIT"
    }
  }
}
